[ "bear": {:git, "git://github.com/boundary/bear.git", "3fd09d1b7bbd9de5b2d29f46df04a93fca9ce85e", [{:tag, "0.1.3"}]},
  "exactor": {:git, "git://github.com/sasa1977/exactor.git", "f01ac0b4c8d5786e39ad69ae3280b03f055dc499", []},
  "folsom": {:git, "https://github.com/boundary/folsom.git", "497559dbc7681edda652c906b48e8e42967ddbc2", []},
  "meck": {:git, "git://github.com/eproxus/meck", "b3ac62ebe333402ed40fb9ef41384687fc30aaad", [{:ref, "master"}]} ]
